{
  "version": 4,
  "terraform_version": "1.10.3",
  "serial": 26,
  "lineage": "4ce2c938-43ba-040e-6857-4e2acbb87b02",
  "outputs": {},
  "resources": [
    {
      "mode": "managed",
      "type": "helm_release",
      "name": "nginx",
      "provider": "provider[\"registry.terraform.io/hashicorp/helm\"]",
      "instances": [
        {
          "status": "tainted",
          "schema_version": 1,
          "attributes": {
            "atomic": false,
            "chart": "../kumar",
            "cleanup_on_fail": false,
            "create_namespace": false,
            "dependency_update": false,
            "description": null,
            "devel": null,
            "disable_crd_hooks": false,
            "disable_openapi_validation": false,
            "disable_webhooks": false,
            "force_update": false,
            "id": "nginx1",
            "keyring": null,
            "lint": false,
            "manifest": null,
            "max_history": 0,
            "metadata": [
              {
                "app_version": "1.16.0",
                "chart": "kumar",
                "first_deployed": 1734801044,
                "last_deployed": 1734801044,
                "name": "nginx1",
                "namespace": "value2",
                "notes": "1. Get the application URL by running these commands:\n  export POD_NAME=$(kubectl get pods --namespace value2 -l \"app.kubernetes.io/name=kumar,app.kubernetes.io/instance=nginx1\" -o jsonpath=\"{.items[0].metadata.name}\")\n  export CONTAINER_PORT=$(kubectl get pod --namespace value2 $POD_NAME -o jsonpath=\"{.spec.containers[0].ports[0].containerPort}\")\n  echo \"Visit http://127.0.0.1:8080 to use your application\"\n  kubectl --namespace value2 port-forward $POD_NAME 8080:$CONTAINER_PORT\n",
                "revision": 1,
                "values": "{\"replicaCount\":2}",
                "version": "0.1.0"
              }
            ],
            "name": "nginx1",
            "namespace": "value2",
            "pass_credentials": false,
            "postrender": [],
            "recreate_pods": false,
            "render_subchart_notes": true,
            "replace": false,
            "repository": null,
            "repository_ca_file": null,
            "repository_cert_file": null,
            "repository_key_file": null,
            "repository_password": null,
            "repository_username": null,
            "reset_values": false,
            "reuse_values": false,
            "set": [],
            "set_list": [],
            "set_sensitive": [],
            "skip_crds": false,
            "status": "failed",
            "timeout": 300,
            "upgrade_install": null,
            "values": [
              "\"replicaCount\": 2\n"
            ],
            "verify": false,
            "version": "0.1.0",
            "wait": true,
            "wait_for_jobs": false
          },
          "sensitive_attributes": [
            [
              {
                "type": "get_attr",
                "value": "repository_password"
              }
            ]
          ],
          "private": "eyJzY2hlbWFfdmVyc2lvbiI6IjEifQ==",
          "dependencies": [
            "kubernetes_namespace.example"
          ]
        }
      ]
    },
    {
      "mode": "managed",
      "type": "kubernetes_namespace",
      "name": "example",
      "provider": "provider[\"registry.terraform.io/hashicorp/kubernetes\"]",
      "instances": [
        {
          "schema_version": 0,
          "attributes": {
            "id": "value2",
            "metadata": [
              {
                "annotations": {},
                "generate_name": "",
                "generation": 0,
                "labels": {},
                "name": "value2",
                "resource_version": "501837",
                "uid": "1de4b548-fce4-41db-aa8d-6ded8cb015f2"
              }
            ],
            "timeouts": null,
            "wait_for_default_service_account": false
          },
          "sensitive_attributes": [],
          "private": "eyJlMmJmYjczMC1lY2FhLTExZTYtOGY4OC0zNDM2M2JjN2M0YzAiOnsiZGVsZXRlIjozMDAwMDAwMDAwMDB9fQ=="
        }
      ]
    }
  ],
  "check_results": null
}
