{
  "version": 4,
  "terraform_version": "1.10.2",
  "serial": 194,
  "lineage": "81338da6-7a72-cf29-8349-69e6fef397f7",
  "outputs": {},
  "resources": [
    {
      "mode": "data",
      "type": "aws_eks_cluster",
      "name": "example",
      "provider": "provider[\"registry.terraform.io/hashicorp/aws\"]",
      "instances": [
        {
          "schema_version": 0,
          "attributes": {
            "access_config": [
              {
                "authentication_mode": "CONFIG_MAP",
                "bootstrap_cluster_creator_admin_permissions": true
              }
            ],
            "arn": "arn:aws:eks:us-east-1:058264520519:cluster/example",
            "certificate_authority": [
              {
                "data": "LS0tLS1CRUdJTiBDRVJUSUZJQ0FURS0tLS0tCk1JSURCVENDQWUyZ0F3SUJBZ0lJQWRjdnN3TnYyT3d3RFFZSktvWklodmNOQVFFTEJRQXdGVEVUTUJFR0ExVUUKQXhNS2EzVmlaWEp1WlhSbGN6QWVGdzB5TkRFeU1UY3hOekkzTWpCYUZ3MHpOREV5TVRVeE56TXlNakJhTUJVeApFekFSQmdOVkJBTVRDbXQxWW1WeWJtVjBaWE13Z2dFaU1BMEdDU3FHU0liM0RRRUJBUVVBQTRJQkR3QXdnZ0VLCkFvSUJBUUM2YkRTQVpUOWM5bjVRb09EWEF6THZLOGVqZHhKOS93QStET21vcTFnZzR1RE84SS9wUnRtWGRVTUkKSzUzeDZwbTk5bWVEWVlpRmlrZTlkSDlSRHpSV2Jra3VWSGF5K2lDckxhcTdTa0xhZTNydi80Yk9QVlU5S2VYTgpQb3FRTTcxSGpwT25aZjBYTVZLNkh4Nk1lb3RqeVlkWFdONHZYWWNjaHAwOUVTTFJVREJCVTVsQVhFOEMwdWhKCnNjWXNqd2U4djBNZ3NnK1hOV296aGQ0MGdZRmdzYWk5Zi9ZSTYvMmhocGd5QjQ3aXlpbzY1MElBQTVnZHRFdUEKQVh5LytMWjZpRmxuUkEwUElnLzRoY1UxVnBuMW5TaDJrY0NHZ1lLMVpNQ0hXT2pUek5TVTlJaFlqL29IT3FsNwp2UTdPSlY1b2kvRExReGNNM1dCZHNIVlZqRUhwQWdNQkFBR2pXVEJYTUE0R0ExVWREd0VCL3dRRUF3SUNwREFQCkJnTlZIUk1CQWY4RUJUQURBUUgvTUIwR0ExVWREZ1FXQkJRVWJPb01jeCtWV1g2WjNWMU9xa2JnaUJrNGp6QVYKQmdOVkhSRUVEakFNZ2dwcmRXSmxjbTVsZEdWek1BMEdDU3FHU0liM0RRRUJDd1VBQTRJQkFRQTRUclFqSmZNTQpPMDFZbTNVTGdvMUdWdVJkRENRUkc0ZmFoNmlGdjc2NmpVc1RYSzdjUk1QUjZmc2hYaW5WRXJYVFN6MUpyK0gzCk9nTUVjRWlhRitSNDR1UEZ0SGNHR2VOcDRHazlyQ0FzZ0dJWWVIbGhMUmdWTXlaN21lL3I3dTlHai85OXFoam4KZUVjK21Kb2JYaFpuQTBHQzVlQnQ4RzVjV1ZUVEttZ1FPUFZEczJNbkNiNUppcVIrbGxXR1Bra1h5NjdUbU5qegpscER2dlBkNTNqQ1F4eUJhVC92SytYQ2J0ZXRRS1IwQ2tnVGNXMGhzZ3ArbkR3ODYrOWNUNERjWFdweXMrV1hiClRFODZCS2ZvdE5uTTE2MkJSWU9QVFluT3cwVU1RaFRSNkJsYnlrcE9BVGdzUHVScnRkYThSME5sRFp2STZlQWEKZ1dxY3NDS3BDeDNLCi0tLS0tRU5EIENFUlRJRklDQVRFLS0tLS0K"
              }
            ],
            "cluster_id": null,
            "compute_config": [],
            "created_at": "2024-12-17T17:28:10Z",
            "enabled_cluster_log_types": [],
            "endpoint": "https://F317E2D800890A5D0E671847501D3832.gr7.us-east-1.eks.amazonaws.com",
            "id": "example",
            "identity": [
              {
                "oidc": [
                  {
                    "issuer": "https://oidc.eks.us-east-1.amazonaws.com/id/F317E2D800890A5D0E671847501D3832"
                  }
                ]
              }
            ],
            "kubernetes_network_config": [
              {
                "elastic_load_balancing": [
                  {
                    "enabled": false
                  }
                ],
                "ip_family": "ipv4",
                "service_ipv4_cidr": "172.20.0.0/16",
                "service_ipv6_cidr": ""
              }
            ],
            "name": "example",
            "outpost_config": [],
            "platform_version": "eks.15",
            "remote_network_config": [],
            "role_arn": "arn:aws:iam::058264520519:role/eks-cluster-role",
            "status": "ACTIVE",
            "storage_config": [],
            "tags": {},
            "upgrade_policy": [
              {
                "support_type": "EXTENDED"
              }
            ],
            "version": "1.31",
            "vpc_config": [
              {
                "cluster_security_group_id": "sg-0e6f8e6430d1312d2",
                "endpoint_private_access": false,
                "endpoint_public_access": true,
                "public_access_cidrs": [
                  "0.0.0.0/0"
                ],
                "security_group_ids": [
                  "sg-038884b35a5e87ac5"
                ],
                "subnet_ids": [
                  "subnet-02096d6ed83530ade",
                  "subnet-037fcf967ac2c0f75",
                  "subnet-0bce4f4dd294a79ce"
                ],
                "vpc_id": "vpc-00fcb4bb5cf231285"
              }
            ],
            "zonal_shift_config": []
          },
          "sensitive_attributes": []
        }
      ]
    },
    {
      "mode": "data",
      "type": "aws_eks_cluster_auth",
      "name": "example",
      "provider": "provider[\"registry.terraform.io/hashicorp/aws\"]",
      "instances": [
        {
          "schema_version": 0,
          "attributes": {
            "id": "example",
            "name": "example",
            "token": "k8s-aws-v1.aHR0cHM6Ly9zdHMudXMtZWFzdC0xLmFtYXpvbmF3cy5jb20vP0FjdGlvbj1HZXRDYWxsZXJJZGVudGl0eSZWZXJzaW9uPTIwMTEtMDYtMTUmWC1BbXotQWxnb3JpdGhtPUFXUzQtSE1BQy1TSEEyNTYmWC1BbXotQ3JlZGVudGlhbD1BS0lBUTNFR1dBNUQzNTJBUktOTCUyRjIwMjQxMjE3JTJGdXMtZWFzdC0xJTJGc3RzJTJGYXdzNF9yZXF1ZXN0JlgtQW16LURhdGU9MjAyNDEyMTdUMTczNTQyWiZYLUFtei1FeHBpcmVzPTAmWC1BbXotU2lnbmVkSGVhZGVycz1ob3N0JTNCeC1rOHMtYXdzLWlkJlgtQW16LVNpZ25hdHVyZT1lNDZiMzJjNGNlOGE0YzY2MjhhNjY2YjZkMjA4MDdhNjk1MWZmNTNhZGZhMjdlMjlhMWZlYTYxNjk1YWMyZDZk"
          },
          "sensitive_attributes": [
            [
              {
                "type": "get_attr",
                "value": "token"
              }
            ]
          ]
        }
      ]
    },
    {
      "mode": "managed",
      "type": "aws_eks_cluster",
      "name": "example",
      "provider": "provider[\"registry.terraform.io/hashicorp/aws\"]",
      "instances": [
        {
          "schema_version": 1,
          "attributes": {
            "access_config": [
              {
                "authentication_mode": "CONFIG_MAP",
                "bootstrap_cluster_creator_admin_permissions": true
              }
            ],
            "arn": "arn:aws:eks:us-east-1:058264520519:cluster/example",
            "bootstrap_self_managed_addons": true,
            "certificate_authority": [
              {
                "data": "LS0tLS1CRUdJTiBDRVJUSUZJQ0FURS0tLS0tCk1JSURCVENDQWUyZ0F3SUJBZ0lJQWRjdnN3TnYyT3d3RFFZSktvWklodmNOQVFFTEJRQXdGVEVUTUJFR0ExVUUKQXhNS2EzVmlaWEp1WlhSbGN6QWVGdzB5TkRFeU1UY3hOekkzTWpCYUZ3MHpOREV5TVRVeE56TXlNakJhTUJVeApFekFSQmdOVkJBTVRDbXQxWW1WeWJtVjBaWE13Z2dFaU1BMEdDU3FHU0liM0RRRUJBUVVBQTRJQkR3QXdnZ0VLCkFvSUJBUUM2YkRTQVpUOWM5bjVRb09EWEF6THZLOGVqZHhKOS93QStET21vcTFnZzR1RE84SS9wUnRtWGRVTUkKSzUzeDZwbTk5bWVEWVlpRmlrZTlkSDlSRHpSV2Jra3VWSGF5K2lDckxhcTdTa0xhZTNydi80Yk9QVlU5S2VYTgpQb3FRTTcxSGpwT25aZjBYTVZLNkh4Nk1lb3RqeVlkWFdONHZYWWNjaHAwOUVTTFJVREJCVTVsQVhFOEMwdWhKCnNjWXNqd2U4djBNZ3NnK1hOV296aGQ0MGdZRmdzYWk5Zi9ZSTYvMmhocGd5QjQ3aXlpbzY1MElBQTVnZHRFdUEKQVh5LytMWjZpRmxuUkEwUElnLzRoY1UxVnBuMW5TaDJrY0NHZ1lLMVpNQ0hXT2pUek5TVTlJaFlqL29IT3FsNwp2UTdPSlY1b2kvRExReGNNM1dCZHNIVlZqRUhwQWdNQkFBR2pXVEJYTUE0R0ExVWREd0VCL3dRRUF3SUNwREFQCkJnTlZIUk1CQWY4RUJUQURBUUgvTUIwR0ExVWREZ1FXQkJRVWJPb01jeCtWV1g2WjNWMU9xa2JnaUJrNGp6QVYKQmdOVkhSRUVEakFNZ2dwcmRXSmxjbTVsZEdWek1BMEdDU3FHU0liM0RRRUJDd1VBQTRJQkFRQTRUclFqSmZNTQpPMDFZbTNVTGdvMUdWdVJkRENRUkc0ZmFoNmlGdjc2NmpVc1RYSzdjUk1QUjZmc2hYaW5WRXJYVFN6MUpyK0gzCk9nTUVjRWlhRitSNDR1UEZ0SGNHR2VOcDRHazlyQ0FzZ0dJWWVIbGhMUmdWTXlaN21lL3I3dTlHai85OXFoam4KZUVjK21Kb2JYaFpuQTBHQzVlQnQ4RzVjV1ZUVEttZ1FPUFZEczJNbkNiNUppcVIrbGxXR1Bra1h5NjdUbU5qegpscER2dlBkNTNqQ1F4eUJhVC92SytYQ2J0ZXRRS1IwQ2tnVGNXMGhzZ3ArbkR3ODYrOWNUNERjWFdweXMrV1hiClRFODZCS2ZvdE5uTTE2MkJSWU9QVFluT3cwVU1RaFRSNkJsYnlrcE9BVGdzUHVScnRkYThSME5sRFp2STZlQWEKZ1dxY3NDS3BDeDNLCi0tLS0tRU5EIENFUlRJRklDQVRFLS0tLS0K"
              }
            ],
            "cluster_id": null,
            "compute_config": [],
            "created_at": "2024-12-17T17:28:10Z",
            "enabled_cluster_log_types": null,
            "encryption_config": [],
            "endpoint": "https://F317E2D800890A5D0E671847501D3832.gr7.us-east-1.eks.amazonaws.com",
            "id": "example",
            "identity": [
              {
                "oidc": [
                  {
                    "issuer": "https://oidc.eks.us-east-1.amazonaws.com/id/F317E2D800890A5D0E671847501D3832"
                  }
                ]
              }
            ],
            "kubernetes_network_config": [
              {
                "elastic_load_balancing": [
                  {
                    "enabled": false
                  }
                ],
                "ip_family": "ipv4",
                "service_ipv4_cidr": "172.20.0.0/16",
                "service_ipv6_cidr": ""
              }
            ],
            "name": "example",
            "outpost_config": [],
            "platform_version": "eks.15",
            "remote_network_config": [],
            "role_arn": "arn:aws:iam::058264520519:role/eks-cluster-role",
            "status": "ACTIVE",
            "storage_config": [],
            "tags": null,
            "tags_all": {},
            "timeouts": null,
            "upgrade_policy": [
              {
                "support_type": "EXTENDED"
              }
            ],
            "version": "1.31",
            "vpc_config": [
              {
                "cluster_security_group_id": "sg-0e6f8e6430d1312d2",
                "endpoint_private_access": false,
                "endpoint_public_access": true,
                "public_access_cidrs": [
                  "0.0.0.0/0"
                ],
                "security_group_ids": [
                  "sg-038884b35a5e87ac5"
                ],
                "subnet_ids": [
                  "subnet-02096d6ed83530ade",
                  "subnet-037fcf967ac2c0f75",
                  "subnet-0bce4f4dd294a79ce"
                ],
                "vpc_id": "vpc-00fcb4bb5cf231285"
              }
            ],
            "zonal_shift_config": []
          },
          "sensitive_attributes": [],
          "private": "eyJlMmJmYjczMC1lY2FhLTExZTYtOGY4OC0zNDM2M2JjN2M0YzAiOnsiY3JlYXRlIjoxODAwMDAwMDAwMDAwLCJkZWxldGUiOjkwMDAwMDAwMDAwMCwidXBkYXRlIjozNjAwMDAwMDAwMDAwfSwic2NoZW1hX3ZlcnNpb24iOiIxIn0=",
          "dependencies": [
            "aws_iam_role.cluster",
            "aws_iam_role_policy_attachment.cluster_AmazonEKSClusterPolicy",
            "aws_iam_role_policy_attachment.eks_service_policy"
          ]
        }
      ]
    },
    {
      "mode": "managed",
      "type": "aws_eks_node_group",
      "name": "example",
      "provider": "provider[\"registry.terraform.io/hashicorp/aws\"]",
      "instances": [
        {
          "schema_version": 0,
          "attributes": {
            "ami_type": "AL2023_x86_64_STANDARD",
            "arn": "arn:aws:eks:us-east-1:058264520519:nodegroup/example/example-node-group/c0c9ead8-4f2f-6703-8311-35229149242b",
            "capacity_type": "ON_DEMAND",
            "cluster_name": "example",
            "disk_size": 20,
            "force_update_version": null,
            "id": "example:example-node-group",
            "instance_types": [
              "t3.medium"
            ],
            "labels": null,
            "launch_template": [],
            "node_group_name": "example-node-group",
            "node_group_name_prefix": "",
            "node_role_arn": "arn:aws:iam::058264520519:role/eks-node-role",
            "release_version": "1.31.3-20241205",
            "remote_access": [],
            "resources": [
              {
                "autoscaling_groups": [
                  {
                    "name": "eks-example-node-group-c0c9ead8-4f2f-6703-8311-35229149242b"
                  }
                ],
                "remote_access_security_group_id": ""
              }
            ],
            "scaling_config": [
              {
                "desired_size": 1,
                "max_size": 3,
                "min_size": 1
              }
            ],
            "status": "ACTIVE",
            "subnet_ids": [
              "subnet-02096d6ed83530ade",
              "subnet-037fcf967ac2c0f75",
              "subnet-0bce4f4dd294a79ce"
            ],
            "tags": {
              "Name": "example-node-group"
            },
            "tags_all": {
              "Name": "example-node-group"
            },
            "taint": [],
            "timeouts": null,
            "update_config": [
              {
                "max_unavailable": 1,
                "max_unavailable_percentage": 0
              }
            ],
            "version": "1.31"
          },
          "sensitive_attributes": [],
          "private": "eyJlMmJmYjczMC1lY2FhLTExZTYtOGY4OC0zNDM2M2JjN2M0YzAiOnsiY3JlYXRlIjozNjAwMDAwMDAwMDAwLCJkZWxldGUiOjM2MDAwMDAwMDAwMDAsInVwZGF0ZSI6MzYwMDAwMDAwMDAwMH19",
          "dependencies": [
            "aws_eks_cluster.example",
            "aws_iam_role.cluster",
            "aws_iam_role.node",
            "aws_iam_role_policy_attachment.cluster_AmazonEKSClusterPolicy",
            "aws_iam_role_policy_attachment.eks_service_policy"
          ]
        }
      ]
    },
    {
      "mode": "managed",
      "type": "aws_iam_policy",
      "name": "eks_admin_policy",
      "provider": "provider[\"registry.terraform.io/hashicorp/aws\"]",
      "instances": [
        {
          "schema_version": 0,
          "attributes": {
            "arn": "arn:aws:iam::058264520519:policy/eks-admin-policy",
            "attachment_count": 0,
            "description": "Policy for full access to EKS resources",
            "id": "arn:aws:iam::058264520519:policy/eks-admin-policy",
            "name": "eks-admin-policy",
            "name_prefix": "",
            "path": "/",
            "policy": "{\"Statement\":[{\"Action\":\"eks:*\",\"Effect\":\"Allow\",\"Resource\":\"*\"},{\"Action\":\"ec2:*\",\"Effect\":\"Allow\",\"Resource\":\"*\"}],\"Version\":\"2012-10-17\"}",
            "policy_id": "ANPAQ3EGWA5DXAP7PTYWK",
            "tags": null,
            "tags_all": {}
          },
          "sensitive_attributes": [],
          "private": "bnVsbA=="
        }
      ]
    },
    {
      "mode": "managed",
      "type": "aws_iam_policy_attachment",
      "name": "eks_admin_policy_attachment",
      "provider": "provider[\"registry.terraform.io/hashicorp/aws\"]",
      "instances": [
        {
          "schema_version": 0,
          "attributes": {
            "groups": null,
            "id": "eks-admin-policy-attachment",
            "name": "eks-admin-policy-attachment",
            "policy_arn": "arn:aws:iam::058264520519:policy/eks-admin-policy",
            "roles": [
              "eks-cluster-role",
              "eks-node-role"
            ],
            "users": null
          },
          "sensitive_attributes": [],
          "private": "bnVsbA==",
          "dependencies": [
            "aws_iam_policy.eks_admin_policy",
            "aws_iam_role.cluster",
            "aws_iam_role.node"
          ]
        }
      ]
    },
    {
      "mode": "managed",
      "type": "aws_iam_role",
      "name": "cluster",
      "provider": "provider[\"registry.terraform.io/hashicorp/aws\"]",
      "instances": [
        {
          "schema_version": 0,
          "attributes": {
            "arn": "arn:aws:iam::058264520519:role/eks-cluster-role",
            "assume_role_policy": "{\"Statement\":[{\"Action\":\"sts:AssumeRole\",\"Effect\":\"Allow\",\"Principal\":{\"Service\":\"eks.amazonaws.com\"}}],\"Version\":\"2012-10-17\"}",
            "create_date": "2024-12-17T17:28:03Z",
            "description": "",
            "force_detach_policies": false,
            "id": "eks-cluster-role",
            "inline_policy": [],
            "managed_policy_arns": [],
            "max_session_duration": 3600,
            "name": "eks-cluster-role",
            "name_prefix": "",
            "path": "/",
            "permissions_boundary": "",
            "tags": null,
            "tags_all": {},
            "unique_id": "AROAQ3EGWA5D7DBEBFFQE"
          },
          "sensitive_attributes": [],
          "private": "bnVsbA=="
        }
      ]
    },
    {
      "mode": "managed",
      "type": "aws_iam_role",
      "name": "node",
      "provider": "provider[\"registry.terraform.io/hashicorp/aws\"]",
      "instances": [
        {
          "schema_version": 0,
          "attributes": {
            "arn": "arn:aws:iam::058264520519:role/eks-node-role",
            "assume_role_policy": "{\"Statement\":[{\"Action\":\"sts:AssumeRole\",\"Effect\":\"Allow\",\"Principal\":{\"Service\":\"ec2.amazonaws.com\"}}],\"Version\":\"2012-10-17\"}",
            "create_date": "2024-12-17T17:28:03Z",
            "description": "",
            "force_detach_policies": false,
            "id": "eks-node-role",
            "inline_policy": [],
            "managed_policy_arns": [],
            "max_session_duration": 3600,
            "name": "eks-node-role",
            "name_prefix": "",
            "path": "/",
            "permissions_boundary": "",
            "tags": null,
            "tags_all": {},
            "unique_id": "AROAQ3EGWA5DXUCM5ECV2"
          },
          "sensitive_attributes": [],
          "private": "bnVsbA=="
        }
      ]
    },
    {
      "mode": "managed",
      "type": "aws_iam_role_policy_attachment",
      "name": "cluster_AmazonEKSClusterPolicy",
      "provider": "provider[\"registry.terraform.io/hashicorp/aws\"]",
      "instances": [
        {
          "schema_version": 0,
          "attributes": {
            "id": "eks-cluster-role-20241217172806596700000002",
            "policy_arn": "arn:aws:iam::aws:policy/AmazonEKSClusterPolicy",
            "role": "eks-cluster-role"
          },
          "sensitive_attributes": [],
          "private": "bnVsbA==",
          "dependencies": [
            "aws_iam_role.cluster"
          ]
        }
      ]
    },
    {
      "mode": "managed",
      "type": "aws_iam_role_policy_attachment",
      "name": "eks_service_policy",
      "provider": "provider[\"registry.terraform.io/hashicorp/aws\"]",
      "instances": [
        {
          "schema_version": 0,
          "attributes": {
            "id": "eks-cluster-role-20241217172806913200000004",
            "policy_arn": "arn:aws:iam::aws:policy/AmazonEKSVPCResourceController",
            "role": "eks-cluster-role"
          },
          "sensitive_attributes": [],
          "private": "bnVsbA==",
          "dependencies": [
            "aws_iam_role.cluster"
          ]
        }
      ]
    },
    {
      "mode": "managed",
      "type": "aws_iam_role_policy_attachment",
      "name": "node_AmazonEC2ContainerRegistryReadOnly",
      "provider": "provider[\"registry.terraform.io/hashicorp/aws\"]",
      "instances": [
        {
          "schema_version": 0,
          "attributes": {
            "id": "eks-node-role-20241217172806596900000003",
            "policy_arn": "arn:aws:iam::aws:policy/AmazonEC2ContainerRegistryReadOnly",
            "role": "eks-node-role"
          },
          "sensitive_attributes": [],
          "private": "bnVsbA==",
          "dependencies": [
            "aws_iam_role.node"
          ]
        }
      ]
    },
    {
      "mode": "managed",
      "type": "aws_iam_role_policy_attachment",
      "name": "node_AmazonEKSWorkerNodePolicy",
      "provider": "provider[\"registry.terraform.io/hashicorp/aws\"]",
      "instances": [
        {
          "schema_version": 0,
          "attributes": {
            "id": "eks-node-role-20241217172806596200000001",
            "policy_arn": "arn:aws:iam::aws:policy/AmazonEKSWorkerNodePolicy",
            "role": "eks-node-role"
          },
          "sensitive_attributes": [],
          "private": "bnVsbA==",
          "dependencies": [
            "aws_iam_role.node"
          ]
        }
      ]
    },
    {
      "mode": "managed",
      "type": "aws_iam_role_policy_attachment",
      "name": "node_AmazonEKS_CNI_Policy",
      "provider": "provider[\"registry.terraform.io/hashicorp/aws\"]",
      "instances": [
        {
          "schema_version": 0,
          "attributes": {
            "id": "eks-node-role-20241217172806918500000005",
            "policy_arn": "arn:aws:iam::aws:policy/AmazonEKS_CNI_Policy",
            "role": "eks-node-role"
          },
          "sensitive_attributes": [],
          "private": "bnVsbA==",
          "dependencies": [
            "aws_iam_role.node"
          ]
        }
      ]
    },
    {
      "mode": "managed",
      "type": "kubernetes_config_map",
      "name": "aws_auth",
      "provider": "provider[\"registry.terraform.io/hashicorp/kubernetes\"]",
      "instances": [
        {
          "schema_version": 0,
          "attributes": {
            "binary_data": null,
            "data": {
              "mapRoles": "- rolearn: arn:aws:iam::058264520519:role/eks-node-role\r\n  username: system:node:{{EC2PrivateDNSName}}\r\n  groups:\r\n    - system:bootstrappers\r\n    - system:nodes\r\n",
              "mapUsers": "- userarn: arn:aws:iam::058264520519:user/pralaya\r\n  username: pralaya\r\n  groups:\r\n    - system:masters\r\n"
            },
            "id": "kube-system/aws-auth",
            "immutable": false,
            "metadata": [
              {
                "annotations": null,
                "generate_name": "",
                "generation": 0,
                "labels": null,
                "name": "aws-auth",
                "namespace": "kube-system",
                "resource_version": "776",
                "uid": "91d916fb-170f-41c6-9176-7d013e87efb4"
              }
            ]
          },
          "sensitive_attributes": [],
          "private": "bnVsbA==",
          "dependencies": [
            "aws_eks_cluster.example",
            "aws_iam_role.cluster",
            "aws_iam_role.node",
            "aws_iam_role_policy_attachment.cluster_AmazonEKSClusterPolicy",
            "aws_iam_role_policy_attachment.eks_service_policy",
            "data.aws_eks_cluster.example",
            "data.aws_eks_cluster_auth.example"
          ]
        }
      ]
    }
  ],
  "check_results": null
}
