{
  "version": 4,
  "terraform_version": "1.10.3",
  "serial": 7,
  "lineage": "a37a97d9-ef52-9b21-2a67-8592883b880b",
  "outputs": {},
  "resources": [
    {
      "mode": "data",
      "type": "aws_eks_cluster",
      "name": "cluster",
      "provider": "provider[\"registry.terraform.io/hashicorp/aws\"]",
      "instances": [
        {
          "schema_version": 0,
          "attributes": {
            "access_config": [
              {
                "authentication_mode": "CONFIG_MAP",
                "bootstrap_cluster_creator_admin_permissions": true
              }
            ],
            "arn": "arn:aws:eks:us-east-1:058264520519:cluster/example",
            "certificate_authority": [
              {
                "data": "LS0tLS1CRUdJTiBDRVJUSUZJQ0FURS0tLS0tCk1JSURCVENDQWUyZ0F3SUJBZ0lJQWRjdnN3TnYyT3d3RFFZSktvWklodmNOQVFFTEJRQXdGVEVUTUJFR0ExVUUKQXhNS2EzVmlaWEp1WlhSbGN6QWVGdzB5TkRFeU1UY3hOekkzTWpCYUZ3MHpOREV5TVRVeE56TXlNakJhTUJVeApFekFSQmdOVkJBTVRDbXQxWW1WeWJtVjBaWE13Z2dFaU1BMEdDU3FHU0liM0RRRUJBUVVBQTRJQkR3QXdnZ0VLCkFvSUJBUUM2YkRTQVpUOWM5bjVRb09EWEF6THZLOGVqZHhKOS93QStET21vcTFnZzR1RE84SS9wUnRtWGRVTUkKSzUzeDZwbTk5bWVEWVlpRmlrZTlkSDlSRHpSV2Jra3VWSGF5K2lDckxhcTdTa0xhZTNydi80Yk9QVlU5S2VYTgpQb3FRTTcxSGpwT25aZjBYTVZLNkh4Nk1lb3RqeVlkWFdONHZYWWNjaHAwOUVTTFJVREJCVTVsQVhFOEMwdWhKCnNjWXNqd2U4djBNZ3NnK1hOV296aGQ0MGdZRmdzYWk5Zi9ZSTYvMmhocGd5QjQ3aXlpbzY1MElBQTVnZHRFdUEKQVh5LytMWjZpRmxuUkEwUElnLzRoY1UxVnBuMW5TaDJrY0NHZ1lLMVpNQ0hXT2pUek5TVTlJaFlqL29IT3FsNwp2UTdPSlY1b2kvRExReGNNM1dCZHNIVlZqRUhwQWdNQkFBR2pXVEJYTUE0R0ExVWREd0VCL3dRRUF3SUNwREFQCkJnTlZIUk1CQWY4RUJUQURBUUgvTUIwR0ExVWREZ1FXQkJRVWJPb01jeCtWV1g2WjNWMU9xa2JnaUJrNGp6QVYKQmdOVkhSRUVEakFNZ2dwcmRXSmxjbTVsZEdWek1BMEdDU3FHU0liM0RRRUJDd1VBQTRJQkFRQTRUclFqSmZNTQpPMDFZbTNVTGdvMUdWdVJkRENRUkc0ZmFoNmlGdjc2NmpVc1RYSzdjUk1QUjZmc2hYaW5WRXJYVFN6MUpyK0gzCk9nTUVjRWlhRitSNDR1UEZ0SGNHR2VOcDRHazlyQ0FzZ0dJWWVIbGhMUmdWTXlaN21lL3I3dTlHai85OXFoam4KZUVjK21Kb2JYaFpuQTBHQzVlQnQ4RzVjV1ZUVEttZ1FPUFZEczJNbkNiNUppcVIrbGxXR1Bra1h5NjdUbU5qegpscER2dlBkNTNqQ1F4eUJhVC92SytYQ2J0ZXRRS1IwQ2tnVGNXMGhzZ3ArbkR3ODYrOWNUNERjWFdweXMrV1hiClRFODZCS2ZvdE5uTTE2MkJSWU9QVFluT3cwVU1RaFRSNkJsYnlrcE9BVGdzUHVScnRkYThSME5sRFp2STZlQWEKZ1dxY3NDS3BDeDNLCi0tLS0tRU5EIENFUlRJRklDQVRFLS0tLS0K"
              }
            ],
            "cluster_id": null,
            "compute_config": [],
            "created_at": "2024-12-17T17:28:10Z",
            "enabled_cluster_log_types": [],
            "endpoint": "https://F317E2D800890A5D0E671847501D3832.gr7.us-east-1.eks.amazonaws.com",
            "id": "example",
            "identity": [
              {
                "oidc": [
                  {
                    "issuer": "https://oidc.eks.us-east-1.amazonaws.com/id/F317E2D800890A5D0E671847501D3832"
                  }
                ]
              }
            ],
            "kubernetes_network_config": [
              {
                "elastic_load_balancing": [
                  {
                    "enabled": false
                  }
                ],
                "ip_family": "ipv4",
                "service_ipv4_cidr": "172.20.0.0/16",
                "service_ipv6_cidr": ""
              }
            ],
            "name": "example",
            "outpost_config": [],
            "platform_version": "eks.15",
            "remote_network_config": [],
            "role_arn": "arn:aws:iam::058264520519:role/eks-cluster-role",
            "status": "ACTIVE",
            "storage_config": [],
            "tags": {},
            "upgrade_policy": [
              {
                "support_type": "EXTENDED"
              }
            ],
            "version": "1.31",
            "vpc_config": [
              {
                "cluster_security_group_id": "sg-0e6f8e6430d1312d2",
                "endpoint_private_access": false,
                "endpoint_public_access": true,
                "public_access_cidrs": [
                  "0.0.0.0/0"
                ],
                "security_group_ids": [
                  "sg-038884b35a5e87ac5"
                ],
                "subnet_ids": [
                  "subnet-02096d6ed83530ade",
                  "subnet-037fcf967ac2c0f75",
                  "subnet-0bce4f4dd294a79ce"
                ],
                "vpc_id": "vpc-00fcb4bb5cf231285"
              }
            ],
            "zonal_shift_config": []
          },
          "sensitive_attributes": []
        }
      ]
    },
    {
      "mode": "data",
      "type": "aws_eks_cluster_auth",
      "name": "example",
      "provider": "provider[\"registry.terraform.io/hashicorp/aws\"]",
      "instances": [
        {
          "schema_version": 0,
          "attributes": {
            "id": "example",
            "name": "example",
            "token": "k8s-aws-v1.aHR0cHM6Ly9zdHMudXMtZWFzdC0xLmFtYXpvbmF3cy5jb20vP0FjdGlvbj1HZXRDYWxsZXJJZGVudGl0eSZWZXJzaW9uPTIwMTEtMDYtMTUmWC1BbXotQWxnb3JpdGhtPUFXUzQtSE1BQy1TSEEyNTYmWC1BbXotQ3JlZGVudGlhbD1BS0lBUTNFR1dBNUQzNTJBUktOTCUyRjIwMjQxMjE5JTJGdXMtZWFzdC0xJTJGc3RzJTJGYXdzNF9yZXF1ZXN0JlgtQW16LURhdGU9MjAyNDEyMTlUMTQ1NjExWiZYLUFtei1FeHBpcmVzPTAmWC1BbXotU2lnbmVkSGVhZGVycz1ob3N0JTNCeC1rOHMtYXdzLWlkJlgtQW16LVNpZ25hdHVyZT02ZTgxZmI2MDc4MmRiM2YxZjQwMTczNDA0MGU5ODM0ZjE5MDE2MzA2ZDJkZWIxOWU4MTUzNTlhZmEzNmY3YTBm"
          },
          "sensitive_attributes": [
            [
              {
                "type": "get_attr",
                "value": "token"
              }
            ]
          ]
        }
      ]
    },
    {
      "mode": "data",
      "type": "aws_iam_role",
      "name": "cluster",
      "provider": "provider[\"registry.terraform.io/hashicorp/aws\"]",
      "instances": [
        {
          "schema_version": 0,
          "attributes": {
            "arn": "arn:aws:iam::058264520519:role/eks-cluster-role",
            "assume_role_policy": "{\"Version\":\"2012-10-17\",\"Statement\":[{\"Effect\":\"Allow\",\"Principal\":{\"Service\":\"eks.amazonaws.com\"},\"Action\":\"sts:AssumeRole\"}]}",
            "create_date": "2024-12-17T17:28:03Z",
            "description": "",
            "id": "eks-cluster-role",
            "max_session_duration": 3600,
            "name": "eks-cluster-role",
            "path": "/",
            "permissions_boundary": "",
            "role_last_used": [
              {
                "last_used_date": "2024-12-19T14:36:23Z",
                "region": "us-east-1"
              }
            ],
            "tags": {},
            "unique_id": "AROAQ3EGWA5D7DBEBFFQE"
          },
          "sensitive_attributes": []
        }
      ]
    },
    {
      "module": "module.aws_ebs_csi_driver_resources",
      "mode": "data",
      "type": "aws_region",
      "name": "current",
      "provider": "provider[\"registry.terraform.io/hashicorp/aws\"]",
      "instances": [
        {
          "schema_version": 0,
          "attributes": {
            "description": "US East (N. Virginia)",
            "endpoint": "ec2.us-east-1.amazonaws.com",
            "id": "us-east-1",
            "name": "us-east-1"
          },
          "sensitive_attributes": []
        }
      ]
    },
    {
      "module": "module.aws_ebs_csi_driver_resources",
      "mode": "managed",
      "type": "helm_release",
      "name": "this",
      "provider": "provider[\"registry.terraform.io/hashicorp/helm\"]",
      "instances": [
        {
          "schema_version": 1,
          "attributes": {
            "atomic": true,
            "chart": "aws-ebs-csi-driver",
            "cleanup_on_fail": true,
            "create_namespace": true,
            "dependency_update": true,
            "description": null,
            "devel": null,
            "disable_crd_hooks": false,
            "disable_openapi_validation": false,
            "disable_webhooks": false,
            "force_update": true,
            "id": "aws-ebs-csi-driver",
            "keyring": null,
            "lint": false,
            "manifest": null,
            "max_history": 3,
            "metadata": [
              {
                "app_version": "1.38.1",
                "chart": "aws-ebs-csi-driver",
                "first_deployed": 1734620298,
                "last_deployed": 1734620298,
                "name": "aws-ebs-csi-driver",
                "namespace": "kube-system",
                "notes": "To verify that aws-ebs-csi-driver has started, run:\n\n    kubectl get pod -n kube-system -l \"app.kubernetes.io/name=aws-ebs-csi-driver,app.kubernetes.io/instance=aws-ebs-csi-driver\"\n\n[ACTION REQUIRED] Update to the EBS CSI Driver IAM Policy\n\nDue to an upcoming change in handling of IAM polices for the CreateVolume API when creating a volume from an EBS snapshot, a change to your EBS CSI Driver policy may be needed. For more information and remediation steps, see GitHub issue #2190 (https://github.com/kubernetes-sigs/aws-ebs-csi-driver/issues/2190). This change affects all versions of the EBS CSI Driver and action may be required even on clusters where the driver is not upgraded.\n",
                "revision": 1,
                "values": "{\"controller\":{\"k8sTagClusterId\":\"example\",\"region\":\"us-east-1\",\"serviceAccount\":{\"annotations\":{\"eks.amazonaws.com/role-arn\":\"arn:aws:iam::058264520519:role/eks-cluster-role\"},\"create\":true,\"name\":\"ebs-csi-controller\"}}}",
                "version": "2.38.1"
              }
            ],
            "name": "aws-ebs-csi-driver",
            "namespace": "kube-system",
            "pass_credentials": false,
            "postrender": [],
            "recreate_pods": true,
            "render_subchart_notes": true,
            "replace": false,
            "repository": "https://kubernetes-sigs.github.io/aws-ebs-csi-driver",
            "repository_ca_file": null,
            "repository_cert_file": null,
            "repository_key_file": null,
            "repository_password": null,
            "repository_username": null,
            "reset_values": false,
            "reuse_values": false,
            "set": [],
            "set_list": [],
            "set_sensitive": [],
            "skip_crds": false,
            "status": "deployed",
            "timeout": 300,
            "upgrade_install": null,
            "values": [
              "---\ncontroller:\n  region: us-east-1\n  k8sTagClusterId: example\n  serviceAccount:\n    create: true\n    name: ebs-csi-controller\n    annotations:\n      eks.amazonaws.com/role-arn: arn:aws:iam::058264520519:role/eks-cluster-role\n"
            ],
            "verify": false,
            "version": "2.38.1",
            "wait": true,
            "wait_for_jobs": true
          },
          "sensitive_attributes": [
            [
              {
                "type": "get_attr",
                "value": "repository_password"
              }
            ]
          ],
          "private": "eyJzY2hlbWFfdmVyc2lvbiI6IjEifQ==",
          "dependencies": [
            "data.aws_eks_cluster.cluster",
            "data.aws_eks_cluster_auth.example",
            "data.aws_iam_role.cluster",
            "module.aws_ebs_csi_driver_resources.data.aws_region.current"
          ]
        }
      ]
    }
  ],
  "check_results": null
}
